GEM
  remote: https://rubygems.org/
  specs:
    addressable (2.8.7)
      public_suffix (>= 2.0.2, < 7.0)
    bigdecimal (3.3.1)
    json-schema (6.0.0)
      addressable (~> 2.8)
      bigdecimal (~> 3.1)
    json_rpc_handler (0.1.1)
    mcp (0.4.0)
      json-schema (>= 4.1)
      json_rpc_handler (~> 0.1)
    public_suffix (6.0.2)

PLATFORMS
  ruby
  x86_64-linux

DEPENDENCIES
  mcp

BUNDLED WITH
   2.6.9
